
Microsoft Visual Studio Solution File, Format Version 12.00
# Visual Studio Version 17
VisualStudioVersion = 17.7.34024.191
MinimumVisualStudioVersion = 10.0.40219.1
Project("{8BC9CEB8-8B4A-11D0-8D11-00A0C91BC942}") = "Homework7(course)", "Homework7(course).vcxproj", "{66131142-2587-4BA8-8791-4C099C25A4FE}"
EndProject
Global
	GlobalSection(SolutionConfigurationPlatforms) = preSolution
		Debug|x64 = Debug|x64
		Debug|x86 = Debug|x86
		Release|x64 = Release|x64
		Release|x86 = Release|x86
	EndGlobalSection
	GlobalSection(ProjectConfigurationPlatforms) = postSolution
		{66131142-2587-4BA8-8791-4C099C25A4FE}.Debug|x64.ActiveCfg = Debug|x64
		{66131142-2587-4BA8-8791-4C099C25A4FE}.Debug|x64.Build.0 = Debug|x64
		{66131142-2587-4BA8-8791-4C099C25A4FE}.Debug|x86.ActiveCfg = Debug|Win32
		{66131142-2587-4BA8-8791-4C099C25A4FE}.Debug|x86.Build.0 = Debug|Win32
		{66131142-2587-4BA8-8791-4C099C25A4FE}.Release|x64.ActiveCfg = Release|x64
		{66131142-2587-4BA8-8791-4C099C25A4FE}.Release|x64.Build.0 = Release|x64
		{66131142-2587-4BA8-8791-4C099C25A4FE}.Release|x86.ActiveCfg = Release|Win32
		{66131142-2587-4BA8-8791-4C099C25A4FE}.Release|x86.Build.0 = Release|Win32
	EndGlobalSection
	GlobalSection(SolutionProperties) = preSolution
		HideSolutionNode = FALSE
	EndGlobalSection
	GlobalSection(ExtensibilityGlobals) = postSolution
		SolutionGuid = {F54F6996-9E01-4959-B11B-8318FDB09B50}
	EndGlobalSection
EndGlobal
